
Microsoft Visual Studio Solution File, Format Version 12.00
# Visual Studio Version 16
VisualStudioVersion = 16.0.30413.136
MinimumVisualStudioVersion = 10.0.40219.1
Project("{FAE04EC0-301F-11D3-BF4B-00C04F79EFBC}") = "bdprogram", "bdprogram\bdprogram.csproj", "{053CAD9B-1EE0-466F-B6C9-F873F10B4158}"
EndProject
Global
	GlobalSection(SolutionConfigurationPlatforms) = preSolution
		Debug|Any CPU = Debug|Any CPU
		Release|Any CPU = Release|Any CPU
	EndGlobalSection
	GlobalSection(ProjectConfigurationPlatforms) = postSolution
		{053CAD9B-1EE0-466F-B6C9-F873F10B4158}.Debug|Any CPU.ActiveCfg = Debug|Any CPU
		{053CAD9B-1EE0-466F-B6C9-F873F10B4158}.Debug|Any CPU.Build.0 = Debug|Any CPU
		{053CAD9B-1EE0-466F-B6C9-F873F10B4158}.Release|Any CPU.ActiveCfg = Release|Any CPU
		{053CAD9B-1EE0-466F-B6C9-F873F10B4158}.Release|Any CPU.Build.0 = Release|Any CPU
	EndGlobalSection
	GlobalSection(SolutionProperties) = preSolution
		HideSolutionNode = FALSE
	EndGlobalSection
	GlobalSection(ExtensibilityGlobals) = postSolution
		SolutionGuid = {40F1FE74-34E4-477A-ACD3-D9652D784C66}
	EndGlobalSection
EndGlobal
